// !$*UTF8*$!
{
	archiveVersion = 1;
	classes = {
	};
	objectVersion = 50;
	objects = {

/* Begin PBXBuildFile section */
		180312FD265DD81E00B522EB /* tecnologicaApp.swift in Sources */ = {isa = PBXBuildFile; fileRef = 180312FC265DD81E00B522EB /* tecnologicaApp.swift */; };
		180312FF265DD81E00B522EB /* ContentView.swift in Sources */ = {isa = PBXBuildFile; fileRef = 180312FE265DD81E00B522EB /* ContentView.swift */; };
		18031301265DD82100B522EB /* Assets.xcassets in Resources */ = {isa = PBXBuildFile; fileRef = 18031300265DD82100B522EB /* Assets.xcassets */; };
		18031304265DD82100B522EB /* Preview Assets.xcassets in Resources */ = {isa = PBXBuildFile; fileRef = 18031303265DD82100B522EB /* Preview Assets.xcassets */; };
		1803130C265DE2E800B522EB /* Cadastro.swift in Sources */ = {isa = PBXBuildFile; fileRef = 1803130B265DE2E800B522EB /* Cadastro.swift */; };
		18031310265EB07700B522EB /* GradeCursoView.swift in Sources */ = {isa = PBXBuildFile; fileRef = 1803130F265EB07700B522EB /* GradeCursoView.swift */; };
		1887F9DA265FCCDC00D5E3A3 /* modeloMateria.swift in Sources */ = {isa = PBXBuildFile; fileRef = 1887F9D9265FCCDC00D5E3A3 /* modeloMateria.swift */; };
		1888886A266117FF00B5CFFD /* SearchBar.swift in Sources */ = {isa = PBXBuildFile; fileRef = 18888869266117FF00B5CFFD /* SearchBar.swift */; };
		1888886C266187F700B5CFFD /* CursosView.swift in Sources */ = {isa = PBXBuildFile; fileRef = 1888886B266187F700B5CFFD /* CursosView.swift */; };
		1888886E2661899900B5CFFD /* modeloCurso.swift in Sources */ = {isa = PBXBuildFile; fileRef = 1888886D2661899900B5CFFD /* modeloCurso.swift */; };
		188F3ED8265F1BA400AED60C /* Login.swift in Sources */ = {isa = PBXBuildFile; fileRef = 188F3ED7265F1BA400AED60C /* Login.swift */; };
/* End PBXBuildFile section */

/* Begin PBXFileReference section */
		180312F9265DD81E00B522EB /* tecnologica.app */ = {isa = PBXFileReference; explicitFileType = wrapper.application; includeInIndex = 0; path = tecnologica.app; sourceTree = BUILT_PRODUCTS_DIR; };
		180312FC265DD81E00B522EB /* tecnologicaApp.swift */ = {isa = PBXFileReference; lastKnownFileType = sourcecode.swift; path = tecnologicaApp.swift; sourceTree = "<group>"; };
		180312FE265DD81E00B522EB /* ContentView.swift */ = {isa = PBXFileReference; lastKnownFileType = sourcecode.swift; path = ContentView.swift; sourceTree = "<group>"; };
		18031300265DD82100B522EB /* Assets.xcassets */ = {isa = PBXFileReference; lastKnownFileType = folder.assetcatalog; path = Assets.xcassets; sourceTree = "<group>"; };
		18031303265DD82100B522EB /* Preview Assets.xcassets */ = {isa = PBXFileReference; lastKnownFileType = folder.assetcatalog; path = "Preview Assets.xcassets"; sourceTree = "<group>"; };
		18031305265DD82100B522EB /* Info.plist */ = {isa = PBXFileReference; lastKnownFileType = text.plist.xml; path = Info.plist; sourceTree = "<group>"; };
		1803130B265DE2E800B522EB /* Cadastro.swift */ = {isa = PBXFileReference; lastKnownFileType = sourcecode.swift; path = Cadastro.swift; sourceTree = "<group>"; };
		1803130F265EB07700B522EB /* GradeCursoView.swift */ = {isa = PBXFileReference; lastKnownFileType = sourcecode.swift; path = GradeCursoView.swift; sourceTree = "<group>"; };
		1887F9D9265FCCDC00D5E3A3 /* modeloMateria.swift */ = {isa = PBXFileReference; lastKnownFileType = sourcecode.swift; path = modeloMateria.swift; sourceTree = "<group>"; };
		18888869266117FF00B5CFFD /* SearchBar.swift */ = {isa = PBXFileReference; lastKnownFileType = sourcecode.swift; path = SearchBar.swift; sourceTree = "<group>"; };
		1888886B266187F700B5CFFD /* CursosView.swift */ = {isa = PBXFileReference; lastKnownFileType = sourcecode.swift; path = CursosView.swift; sourceTree = "<group>"; };
		1888886D2661899900B5CFFD /* modeloCurso.swift */ = {isa = PBXFileReference; lastKnownFileType = sourcecode.swift; path = modeloCurso.swift; sourceTree = "<group>"; };
		188F3ED7265F1BA400AED60C /* Login.swift */ = {isa = PBXFileReference; lastKnownFileType = sourcecode.swift; path = Login.swift; sourceTree = "<group>"; };
/* End PBXFileReference section */

/* Begin PBXFrameworksBuildPhase section */
		180312F6265DD81E00B522EB /* Frameworks */ = {
			isa = PBXFrameworksBuildPhase;
			buildActionMask = 2147483647;
			files = (
			);
			runOnlyForDeploymentPostprocessing = 0;
		};
/* End PBXFrameworksBuildPhase section */

/* Begin PBXGroup section */
		180312F0265DD81E00B522EB = {
			isa = PBXGroup;
			children = (
				18888869266117FF00B5CFFD /* SearchBar.swift */,
				180312FB265DD81E00B522EB /* tecnologica */,
				180312FA265DD81E00B522EB /* Products */,
			);
			sourceTree = "<group>";
		};
		180312FA265DD81E00B522EB /* Products */ = {
			isa = PBXGroup;
			children = (
				180312F9265DD81E00B522EB /* tecnologica.app */,
			);
			name = Products;
			sourceTree = "<group>";
		};
		180312FB265DD81E00B522EB /* tecnologica */ = {
			isa = PBXGroup;
			children = (
				180312FC265DD81E00B522EB /* tecnologicaApp.swift */,
				180312FE265DD81E00B522EB /* ContentView.swift */,
				1803130B265DE2E800B522EB /* Cadastro.swift */,
				188F3ED7265F1BA400AED60C /* Login.swift */,
				1803130F265EB07700B522EB /* GradeCursoView.swift */,
				1888886D2661899900B5CFFD /* modeloCurso.swift */,
				1888886B266187F700B5CFFD /* CursosView.swift */,
				1887F9D9265FCCDC00D5E3A3 /* modeloMateria.swift */,
				18031300265DD82100B522EB /* Assets.xcassets */,
				18031305265DD82100B522EB /* Info.plist */,
				18031302265DD82100B522EB /* Preview Content */,
			);
			path = tecnologica;
			sourceTree = "<group>";
		};
		18031302265DD82100B522EB /* Preview Content */ = {
			isa = PBXGroup;
			children = (
				18031303265DD82100B522EB /* Preview Assets.xcassets */,
			);
			path = "Preview Content";
			sourceTree = "<group>";
		};
/* End PBXGroup section */

/* Begin PBXNativeTarget section */
		180312F8265DD81E00B522EB /* tecnologica */ = {
			isa = PBXNativeTarget;
			buildConfigurationList = 18031308265DD82100B522EB /* Build configuration list for PBXNativeTarget "tecnologica" */;
			buildPhases = (
				180312F5265DD81E00B522EB /* Sources */,
				180312F6265DD81E00B522EB /* Frameworks */,
				180312F7265DD81E00B522EB /* Resources */,
			);
			buildRules = (
			);
			dependencies = (
			);
			name = tecnologica;
			productName = tecnologica;
			productReference = 180312F9265DD81E00B522EB /* tecnologica.app */;
			productType = "com.apple.product-type.application";
		};
/* End PBXNativeTarget section */

/* Begin PBXProject section */
		180312F1265DD81E00B522EB /* Project object */ = {
			isa = PBXProject;
			attributes = {
				LastSwiftUpdateCheck = 1250;
				LastUpgradeCheck = 1250;
				TargetAttributes = {
					180312F8265DD81E00B522EB = {
						CreatedOnToolsVersion = 12.5;
					};
				};
			};
			buildConfigurationList = 180312F4265DD81E00B522EB /* Build configuration list for PBXProject "tecnologica" */;
			compatibilityVersion = "Xcode 9.3";
			developmentRegion = en;
			hasScannedForEncodings = 0;
			knownRegions = (
				en,
				Base,
			);
			mainGroup = 180312F0265DD81E00B522EB;
			productRefGroup = 180312FA265DD81E00B522EB /* Products */;
			projectDirPath = "";
			projectRoot = "";
			targets = (
				180312F8265DD81E00B522EB /* tecnologica */,
			);
		};
/* End PBXProject section */

/* Begin PBXResourcesBuildPhase section */
		180312F7265DD81E00B522EB /* Resources */ = {
			isa = PBXResourcesBuildPhase;
			buildActionMask = 2147483647;
			files = (
				18031304265DD82100B522EB /* Preview Assets.xcassets in Resources */,
				18031301265DD82100B522EB /* Assets.xcassets in Resources */,
			);
			runOnlyForDeploymentPostprocessing = 0;
		};
/* End PBXResourcesBuildPhase section */

/* Begin PBXSourcesBuildPhase section */
		180312F5265DD81E00B522EB /* Sources */ = {
			isa = PBXSourcesBuildPhase;
			buildActionMask = 2147483647;
			files = (
				1888886A266117FF00B5CFFD /* SearchBar.swift in Sources */,
				1803130C265DE2E800B522EB /* Cadastro.swift in Sources */,
				1888886E2661899900B5CFFD /* modeloCurso.swift in Sources */,
				188F3ED8265F1BA400AED60C /* Login.swift in Sources */,
				18031310265EB07700B522EB /* GradeCursoView.swift in Sources */,
				180312FF265DD81E00B522EB /* ContentView.swift in Sources */,
				1888886C266187F700B5CFFD /* CursosView.swift in Sources */,
				180312FD265DD81E00B522EB /* tecnologicaApp.swift in Sources */,
				1887F9DA265FCCDC00D5E3A3 /* modeloMateria.swift in Sources */,
			);
			runOnlyForDeploymentPostprocessing = 0;
		};
/* End PBXSourcesBuildPhase section */

/* Begin XCBuildConfiguration section */
		18031306265DD82100B522EB /* Debug */ = {
			isa = XCBuildConfiguration;
			buildSettings = {
				ALWAYS_SEARCH_USER_PATHS = NO;
				CLANG_ANALYZER_NONNULL = YES;
				CLANG_ANALYZER_NUMBER_OBJECT_CONVERSION = YES_AGGRESSIVE;
				CLANG_CXX_LANGUAGE_STANDARD = "gnu++14";
				CLANG_CXX_LIBRARY = "libc++";
				CLANG_ENABLE_MODULES = YES;
				CLANG_ENABLE_OBJC_ARC = YES;
				CLANG_ENABLE_OBJC_WEAK = YES;
				CLANG_WARN_BLOCK_CAPTURE_AUTORELEASING = YES;
				CLANG_WARN_BOOL_CONVERSION = YES;
				CLANG_WARN_COMMA = YES;
				CLANG_WARN_CONSTANT_CONVERSION = YES;
				CLANG_WARN_DEPRECATED_OBJC_IMPLEMENTATIONS = YES;
				CLANG_WARN_DIRECT_OBJC_ISA_USAGE = YES_ERROR;
				CLANG_WARN_DOCUMENTATION_COMMENTS = YES;
				CLANG_WARN_EMPTY_BODY = YES;
				CLANG_WARN_ENUM_CONVERSION = YES;
				CLANG_WARN_INFINITE_RECURSION = YES;
				CLANG_WARN_INT_CONVERSION = YES;
				CLANG_WARN_NON_LITERAL_NULL_CONVERSION = YES;
				CLANG_WARN_OBJC_IMPLICIT_RETAIN_SELF = YES;
				CLANG_WARN_OBJC_LITERAL_CONVERSION = YES;
				CLANG_WARN_OBJC_ROOT_CLASS = YES_ERROR;
				CLANG_WARN_QUOTED_INCLUDE_IN_FRAMEWORK_HEADER = YES;
				CLANG_WARN_RANGE_LOOP_ANALYSIS = YES;
				CLANG_WARN_STRICT_PROTOTYPES = YES;
				CLANG_WARN_SUSPICIOUS_MOVE = YES;
				CLANG_WARN_UNGUARDED_AVAILABILITY = YES_AGGRESSIVE;
				CLANG_WARN_UNREACHABLE_CODE = YES;
				CLANG_WARN__DUPLICATE_METHOD_MATCH = YES;
				COPY_PHASE_STRIP = NO;
				DEBUG_INFORMATION_FORMAT = dwarf;
				ENABLE_STRICT_OBJC_MSGSEND = YES;
				ENABLE_TESTABILITY = YES;
				GCC_C_LANGUAGE_STANDARD = gnu11;
				GCC_DYNAMIC_NO_PIC = NO;
				GCC_NO_COMMON_BLOCKS = YES;
				GCC_OPTIMIZATION_LEVEL = 0;
				GCC_PREPROCESSOR_DEFINITIONS = (
					"DEBUG=1",
					"$(inherited)",
				);
				GCC_WARN_64_TO_32_BIT_CONVERSION = YES;
				GCC_WARN_ABOUT_RETURN_TYPE = YES_ERROR;
				GCC_WARN_UNDECLARED_SELECTOR = YES;
				GCC_WARN_UNINITIALIZED_AUTOS = YES_AGGRESSIVE;
				GCC_WARN_UNUSED_FUNCTION = YES;
				GCC_WARN_UNUSED_VARIABLE = YES;
				IPHONEOS_DEPLOYMENT_TARGET = 14.5;
				MTL_ENABLE_DEBUG_INFO = INCLUDE_SOURCE;
				MTL_FAST_MATH = YES;
				ONLY_ACTIVE_ARCH = YES;
				SDKROOT = iphoneos;
				SWIFT_ACTIVE_COMPILATION_CONDITIONS = DEBUG;
				SWIFT_OPTIMIZATION_LEVEL = "-Onone";
			};
			name = Debug;
		};
		18031307265DD82100B522EB /* Release */ = {
			isa = XCBuildConfiguration;
			buildSettings = {
				ALWAYS_SEARCH_USER_PATHS = NO;
				CLANG_ANALYZER_NONNULL = YES;
				CLANG_ANALYZER_NUMBER_OBJECT_CONVERSION = YES_AGGRESSIVE;
				CLANG_CXX_LANGUAGE_STANDARD = "gnu++14";
				CLANG_CXX_LIBRARY = "libc++";
				CLANG_ENABLE_MODULES = YES;
				CLANG_ENABLE_OBJC_ARC = YES;
				CLANG_ENABLE_OBJC_WEAK = YES;
				CLANG_WARN_BLOCK_CAPTURE_AUTORELEASING = YES;
				CLANG_WARN_BOOL_CONVERSION = YES;
				CLANG_WARN_COMMA = YES;
				CLANG_WARN_CONSTANT_CONVERSION = YES;
				CLANG_WARN_DEPRECATED_OBJC_IMPLEMENTATIONS = YES;
				CLANG_WARN_DIRECT_OBJC_ISA_USAGE = YES_ERROR;
				CLANG_WARN_DOCUMENTATION_COMMENTS = YES;
				CLANG_WARN_EMPTY_BODY = YES;
				CLANG_WARN_ENUM_CONVERSION = YES;
				CLANG_WARN_INFINITE_RECURSION = YES;
				CLANG_WARN_INT_CONVERSION = YES;
				CLANG_WARN_NON_LITERAL_NULL_CONVERSION = YES;
				CLANG_WARN_OBJC_IMPLICIT_RETAIN_SELF = YES;
				CLANG_WARN_OBJC_LITERAL_CONVERSION = YES;
				CLANG_WARN_OBJC_ROOT_CLASS = YES_ERROR;
				CLANG_WARN_QUOTED_INCLUDE_IN_FRAMEWORK_HEADER = YES;
				CLANG_WARN_RANGE_LOOP_ANALYSIS = YES;
				CLANG_WARN_STRICT_PROTOTYPES = YES;
				CLANG_WARN_SUSPICIOUS_MOVE = YES;
				CLANG_WARN_UNGUARDED_AVAILABILITY = YES_AGGRESSIVE;
				CLANG_WARN_UNREACHABLE_CODE = YES;
				CLANG_WARN__DUPLICATE_METHOD_MATCH = YES;
				COPY_PHASE_STRIP = NO;
				DEBUG_INFORMATION_FORMAT = "dwarf-with-dsym";
				ENABLE_NS_ASSERTIONS = NO;
				ENABLE_STRICT_OBJC_MSGSEND = YES;
				GCC_C_LANGUAGE_STANDARD = gnu11;
				GCC_NO_COMMON_BLOCKS = YES;
				GCC_WARN_64_TO_32_BIT_CONVERSION = YES;
				GCC_WARN_ABOUT_RETURN_TYPE = YES_ERROR;
				GCC_WARN_UNDECLARED_SELECTOR = YES;
				GCC_WARN_UNINITIALIZED_AUTOS = YES_AGGRESSIVE;
				GCC_WARN_UNUSED_FUNCTION = YES;
				GCC_WARN_UNUSED_VARIABLE = YES;
				IPHONEOS_DEPLOYMENT_TARGET = 14.5;
				MTL_ENABLE_DEBUG_INFO = NO;
				MTL_FAST_MATH = YES;
				SDKROOT = iphoneos;
				SWIFT_COMPILATION_MODE = wholemodule;
				SWIFT_OPTIMIZATION_LEVEL = "-O";
				VALIDATE_PRODUCT = YES;
			};
			name = Release;
		};
		18031309265DD82100B522EB /* Debug */ = {
			isa = XCBuildConfiguration;
			buildSettings = {
				ASSETCATALOG_COMPILER_APPICON_NAME = AppIcon;
				ASSETCATALOG_COMPILER_GLOBAL_ACCENT_COLOR_NAME = AccentColor;
				CODE_SIGN_STYLE = Automatic;
				DEVELOPMENT_ASSET_PATHS = "\"tecnologica/Preview Content\"";
				ENABLE_PREVIEWS = YES;
				INFOPLIST_FILE = tecnologica/Info.plist;
				IPHONEOS_DEPLOYMENT_TARGET = 14.0;
				LD_RUNPATH_SEARCH_PATHS = (
					"$(inherited)",
					"@executable_path/Frameworks",
				);
				PRODUCT_BUNDLE_IDENTIFIER = br.com.bourdonner.tecnologica;
				PRODUCT_NAME = "$(TARGET_NAME)";
				SWIFT_VERSION = 5.0;
				TARGETED_DEVICE_FAMILY = "1,2";
			};
			name = Debug;
		};
		1803130A265DD82100B522EB /* Release */ = {
			isa = XCBuildConfiguration;
			buildSettings = {
				ASSETCATALOG_COMPILER_APPICON_NAME = AppIcon;
				ASSETCATALOG_COMPILER_GLOBAL_ACCENT_COLOR_NAME = AccentColor;
				CODE_SIGN_STYLE = Automatic;
				DEVELOPMENT_ASSET_PATHS = "\"tecnologica/Preview Content\"";
				ENABLE_PREVIEWS = YES;
				INFOPLIST_FILE = tecnologica/Info.plist;
				IPHONEOS_DEPLOYMENT_TARGET = 14.0;
				LD_RUNPATH_SEARCH_PATHS = (
					"$(inherited)",
					"@executable_path/Frameworks",
				);
				PRODUCT_BUNDLE_IDENTIFIER = br.com.bourdonner.tecnologica;
				PRODUCT_NAME = "$(TARGET_NAME)";
				SWIFT_VERSION = 5.0;
				TARGETED_DEVICE_FAMILY = "1,2";
			};
			name = Release;
		};
/* End XCBuildConfiguration section */

/* Begin XCConfigurationList section */
		180312F4265DD81E00B522EB /* Build configuration list for PBXProject "tecnologica" */ = {
			isa = XCConfigurationList;
			buildConfigurations = (
				18031306265DD82100B522EB /* Debug */,
				18031307265DD82100B522EB /* Release */,
			);
			defaultConfigurationIsVisible = 0;
			defaultConfigurationName = Release;
		};
		18031308265DD82100B522EB /* Build configuration list for PBXNativeTarget "tecnologica" */ = {
			isa = XCConfigurationList;
			buildConfigurations = (
				18031309265DD82100B522EB /* Debug */,
				1803130A265DD82100B522EB /* Release */,
			);
			defaultConfigurationIsVisible = 0;
			defaultConfigurationName = Release;
		};
/* End XCConfigurationList section */
	};
	rootObject = 180312F1265DD81E00B522EB /* Project object */;
}
